
Microsoft Visual Studio Solution File, Format Version 12.00
# Visual Studio Version 16
VisualStudioVersion = 16.0.30011.22
MinimumVisualStudioVersion = 10.0.40219.1
Project("{FAE04EC0-301F-11D3-BF4B-00C04F79EFBC}") = "AngularTraining", "AngularTraining\AngularTraining.csproj", "{423B0C60-B117-4EE4-874F-CB442CB7B238}"
EndProject
Global
	GlobalSection(SolutionConfigurationPlatforms) = preSolution
		Debug|Any CPU = Debug|Any CPU
		Release|Any CPU = Release|Any CPU
	EndGlobalSection
	GlobalSection(ProjectConfigurationPlatforms) = postSolution
		{423B0C60-B117-4EE4-874F-CB442CB7B238}.Debug|Any CPU.ActiveCfg = Debug|Any CPU
		{423B0C60-B117-4EE4-874F-CB442CB7B238}.Debug|Any CPU.Build.0 = Debug|Any CPU
		{423B0C60-B117-4EE4-874F-CB442CB7B238}.Release|Any CPU.ActiveCfg = Release|Any CPU
		{423B0C60-B117-4EE4-874F-CB442CB7B238}.Release|Any CPU.Build.0 = Release|Any CPU
	EndGlobalSection
	GlobalSection(SolutionProperties) = preSolution
		HideSolutionNode = FALSE
	EndGlobalSection
	GlobalSection(ExtensibilityGlobals) = postSolution
		SolutionGuid = {175AE364-A5F0-445A-9E65-19629C231347}
	EndGlobalSection
EndGlobal
